
Microsoft Visual Studio Solution File, Format Version 12.00
# Visual Studio Version 16
VisualStudioVersion = 16.0.29326.143
MinimumVisualStudioVersion = 10.0.40219.1
Project("{FAE04EC0-301F-11D3-BF4B-00C04F79EFBC}") = "uyd", "uyd.csproj", "{7F5C7682-1BD9-4C14-8901-89E16B6B9EAE}"
EndProject
Global
	GlobalSection(SolutionConfigurationPlatforms) = preSolution
		Debug|Any CPU = Debug|Any CPU
		Release|Any CPU = Release|Any CPU
	EndGlobalSection
	GlobalSection(ProjectConfigurationPlatforms) = postSolution
		{7F5C7682-1BD9-4C14-8901-89E16B6B9EAE}.Debug|Any CPU.ActiveCfg = Debug|Any CPU
		{7F5C7682-1BD9-4C14-8901-89E16B6B9EAE}.Debug|Any CPU.Build.0 = Debug|Any CPU
		{7F5C7682-1BD9-4C14-8901-89E16B6B9EAE}.Release|Any CPU.ActiveCfg = Release|Any CPU
		{7F5C7682-1BD9-4C14-8901-89E16B6B9EAE}.Release|Any CPU.Build.0 = Release|Any CPU
	EndGlobalSection
	GlobalSection(SolutionProperties) = preSolution
		HideSolutionNode = FALSE
	EndGlobalSection
	GlobalSection(ExtensibilityGlobals) = postSolution
		SolutionGuid = {8C8314FB-79F8-4153-8B15-F0D2ACBA3495}
	EndGlobalSection
EndGlobal
